github.com/ABT-Tech-Limited/beosin-go v0.0.0-20260119081632-3ea8f51d8d8b h1:Cfbb0b82LRDBLEq2X4AebhHnkh08dNORprDd4D2XPig=
github.com/ABT-Tech-Limited/beosin-go v0.0.0-20260119081632-3ea8f51d8d8b/go.mod h1:Vc0CLnlQEm8plNDyvPVQU4BNJEtGylM7KNAm1BnA1IU=
github.com/ABT-Tech-Limited/beosin-go v0.1.0 h1:LJchwo3JRw1iQZxvD8iVCNwCy+dwQmEBxmJAVZi1tRE=
github.com/ABT-Tech-Limited/beosin-go v0.1.0/go.mod h1:Vc0CLnlQEm8plNDyvPVQU4BNJEtGylM7KNAm1BnA1IU=
